
Microsoft Visual Studio Solution File, Format Version 12.00
# Visual Studio Version 16
VisualStudioVersion = 16.0.30204.135
MinimumVisualStudioVersion = 10.0.40219.1
Project("{FAE04EC0-301F-11D3-BF4B-00C04F79EFBC}") = "ProgrammingAssignment4", "ProgrammingAssignment4\ProgrammingAssignment4.csproj", "{29142F8D-E048-442D-9D36-F42D3237C2E5}"
EndProject
Global
	GlobalSection(SolutionConfigurationPlatforms) = preSolution
		Debug|Any CPU = Debug|Any CPU
		Release|Any CPU = Release|Any CPU
	EndGlobalSection
	GlobalSection(ProjectConfigurationPlatforms) = postSolution
		{29142F8D-E048-442D-9D36-F42D3237C2E5}.Debug|Any CPU.ActiveCfg = Debug|Any CPU
		{29142F8D-E048-442D-9D36-F42D3237C2E5}.Debug|Any CPU.Build.0 = Debug|Any CPU
		{29142F8D-E048-442D-9D36-F42D3237C2E5}.Release|Any CPU.ActiveCfg = Release|Any CPU
		{29142F8D-E048-442D-9D36-F42D3237C2E5}.Release|Any CPU.Build.0 = Release|Any CPU
	EndGlobalSection
	GlobalSection(SolutionProperties) = preSolution
		HideSolutionNode = FALSE
	EndGlobalSection
	GlobalSection(ExtensibilityGlobals) = postSolution
		SolutionGuid = {B97CDF81-B638-451D-8AE9-9290D549E004}
	EndGlobalSection
EndGlobal
