
Microsoft Visual Studio Solution File, Format Version 12.00
# Visual Studio Version 16
VisualStudioVersion = 16.0.30225.117
MinimumVisualStudioVersion = 10.0.40219.1
Project("{FAE04EC0-301F-11D3-BF4B-00C04F79EFBC}") = "Exercise1", "Exercise1.csproj", "{500F89DB-6168-4DA8-ABB5-54E215C4EA60}"
EndProject
Global
	GlobalSection(SolutionConfigurationPlatforms) = preSolution
		Debug|Any CPU = Debug|Any CPU
		Release|Any CPU = Release|Any CPU
	EndGlobalSection
	GlobalSection(ProjectConfigurationPlatforms) = postSolution
		{500F89DB-6168-4DA8-ABB5-54E215C4EA60}.Debug|Any CPU.ActiveCfg = Debug|Any CPU
		{500F89DB-6168-4DA8-ABB5-54E215C4EA60}.Debug|Any CPU.Build.0 = Debug|Any CPU
		{500F89DB-6168-4DA8-ABB5-54E215C4EA60}.Release|Any CPU.ActiveCfg = Release|Any CPU
		{500F89DB-6168-4DA8-ABB5-54E215C4EA60}.Release|Any CPU.Build.0 = Release|Any CPU
	EndGlobalSection
	GlobalSection(SolutionProperties) = preSolution
		HideSolutionNode = FALSE
	EndGlobalSection
	GlobalSection(ExtensibilityGlobals) = postSolution
		SolutionGuid = {5527136E-7E7D-4C57-9A34-A571C0ED80A5}
	EndGlobalSection
EndGlobal
