
Microsoft Visual Studio Solution File, Format Version 12.00
# Visual Studio Version 16
VisualStudioVersion = 16.0.30309.148
MinimumVisualStudioVersion = 10.0.40219.1
Project("{FAE04EC0-301F-11D3-BF4B-00C04F79EFBC}") = "Exercise4", "Exercise4.csproj", "{F82747D1-F451-4E14-8B12-EF5B9192EA7A}"
EndProject
Global
	GlobalSection(SolutionConfigurationPlatforms) = preSolution
		Debug|Any CPU = Debug|Any CPU
		Release|Any CPU = Release|Any CPU
	EndGlobalSection
	GlobalSection(ProjectConfigurationPlatforms) = postSolution
		{F82747D1-F451-4E14-8B12-EF5B9192EA7A}.Debug|Any CPU.ActiveCfg = Debug|Any CPU
		{F82747D1-F451-4E14-8B12-EF5B9192EA7A}.Debug|Any CPU.Build.0 = Debug|Any CPU
		{F82747D1-F451-4E14-8B12-EF5B9192EA7A}.Release|Any CPU.ActiveCfg = Release|Any CPU
		{F82747D1-F451-4E14-8B12-EF5B9192EA7A}.Release|Any CPU.Build.0 = Release|Any CPU
	EndGlobalSection
	GlobalSection(SolutionProperties) = preSolution
		HideSolutionNode = FALSE
	EndGlobalSection
	GlobalSection(ExtensibilityGlobals) = postSolution
		SolutionGuid = {C3CA7E87-3B99-44F3-A4BA-9F8D52A6E53C}
	EndGlobalSection
EndGlobal
