
Microsoft Visual Studio Solution File, Format Version 12.00
# Visual Studio Version 16
VisualStudioVersion = 16.0.30011.22
MinimumVisualStudioVersion = 10.0.40219.1
Project("{FAE04EC0-301F-11D3-BF4B-00C04F79EFBC}") = "Exercise4", "Exercise4.csproj", "{51AEF9B1-42DF-4EB6-A7A9-22AB3019A593}"
EndProject
Global
	GlobalSection(SolutionConfigurationPlatforms) = preSolution
		Debug|Any CPU = Debug|Any CPU
		Release|Any CPU = Release|Any CPU
	EndGlobalSection
	GlobalSection(ProjectConfigurationPlatforms) = postSolution
		{51AEF9B1-42DF-4EB6-A7A9-22AB3019A593}.Debug|Any CPU.ActiveCfg = Debug|Any CPU
		{51AEF9B1-42DF-4EB6-A7A9-22AB3019A593}.Debug|Any CPU.Build.0 = Debug|Any CPU
		{51AEF9B1-42DF-4EB6-A7A9-22AB3019A593}.Release|Any CPU.ActiveCfg = Release|Any CPU
		{51AEF9B1-42DF-4EB6-A7A9-22AB3019A593}.Release|Any CPU.Build.0 = Release|Any CPU
	EndGlobalSection
	GlobalSection(SolutionProperties) = preSolution
		HideSolutionNode = FALSE
	EndGlobalSection
	GlobalSection(ExtensibilityGlobals) = postSolution
		SolutionGuid = {5DC7B592-0F76-44BE-9830-5AD3AA298C65}
	EndGlobalSection
EndGlobal
