
Microsoft Visual Studio Solution File, Format Version 12.00
# Visual Studio Version 17
VisualStudioVersion = 17.0.31423.177
MinimumVisualStudioVersion = 10.0.40219.1
Project("{FAE04EC0-301F-11D3-BF4B-00C04F79EFBC}") = "Pluralize", "Pluralize.csproj", "{105ABC87-92A4-42BA-8B34-5232D8A1FDC8}"
EndProject
Global
	GlobalSection(SolutionConfigurationPlatforms) = preSolution
		Debug|Any CPU = Debug|Any CPU
		Release|Any CPU = Release|Any CPU
	EndGlobalSection
	GlobalSection(ProjectConfigurationPlatforms) = postSolution
		{105ABC87-92A4-42BA-8B34-5232D8A1FDC8}.Debug|Any CPU.ActiveCfg = Debug|Any CPU
		{105ABC87-92A4-42BA-8B34-5232D8A1FDC8}.Debug|Any CPU.Build.0 = Debug|Any CPU
		{105ABC87-92A4-42BA-8B34-5232D8A1FDC8}.Release|Any CPU.ActiveCfg = Release|Any CPU
		{105ABC87-92A4-42BA-8B34-5232D8A1FDC8}.Release|Any CPU.Build.0 = Release|Any CPU
	EndGlobalSection
	GlobalSection(SolutionProperties) = preSolution
		HideSolutionNode = FALSE
	EndGlobalSection
	GlobalSection(ExtensibilityGlobals) = postSolution
		SolutionGuid = {D08D2D58-7913-41A2-A502-53AAB2ED4C30}
	EndGlobalSection
EndGlobal
