
Microsoft Visual Studio Solution File, Format Version 12.00
# Visual Studio Version 16
VisualStudioVersion = 16.0.30225.117
MinimumVisualStudioVersion = 10.0.40219.1
Project("{FAE04EC0-301F-11D3-BF4B-00C04F79EFBC}") = "ProgrammingAssignment2", "ProgrammingAssignment2\ProgrammingAssignment2.csproj", "{C48F08B4-A3DF-431E-9A8C-90034CF673D6}"
EndProject
Project("{FAE04EC0-301F-11D3-BF4B-00C04F79EFBC}") = "ProgrammingAssignment2ClassLibrary", "..\ProgrammingAssignment2ClassLibrary\ProgrammingAssignment2ClassLibrary.csproj", "{1639FDC2-EE10-4B3F-9F7A-171A36AC8B50}"
EndProject
Global
	GlobalSection(SolutionConfigurationPlatforms) = preSolution
		Debug|Any CPU = Debug|Any CPU
		Release|Any CPU = Release|Any CPU
	EndGlobalSection
	GlobalSection(ProjectConfigurationPlatforms) = postSolution
		{C48F08B4-A3DF-431E-9A8C-90034CF673D6}.Debug|Any CPU.ActiveCfg = Debug|Any CPU
		{C48F08B4-A3DF-431E-9A8C-90034CF673D6}.Debug|Any CPU.Build.0 = Debug|Any CPU
		{C48F08B4-A3DF-431E-9A8C-90034CF673D6}.Release|Any CPU.ActiveCfg = Release|Any CPU
		{C48F08B4-A3DF-431E-9A8C-90034CF673D6}.Release|Any CPU.Build.0 = Release|Any CPU
		{1639FDC2-EE10-4B3F-9F7A-171A36AC8B50}.Debug|Any CPU.ActiveCfg = Debug|Any CPU
		{1639FDC2-EE10-4B3F-9F7A-171A36AC8B50}.Debug|Any CPU.Build.0 = Debug|Any CPU
		{1639FDC2-EE10-4B3F-9F7A-171A36AC8B50}.Release|Any CPU.ActiveCfg = Release|Any CPU
		{1639FDC2-EE10-4B3F-9F7A-171A36AC8B50}.Release|Any CPU.Build.0 = Release|Any CPU
	EndGlobalSection
	GlobalSection(SolutionProperties) = preSolution
		HideSolutionNode = FALSE
	EndGlobalSection
	GlobalSection(ExtensibilityGlobals) = postSolution
		SolutionGuid = {684B80FA-4725-4EE5-B05E-F300F2FFC12B}
	EndGlobalSection
EndGlobal
