
Microsoft Visual Studio Solution File, Format Version 12.00
# Visual Studio Version 16
VisualStudioVersion = 16.0.30225.117
MinimumVisualStudioVersion = 10.0.40219.1
Project("{FAE04EC0-301F-11D3-BF4B-00C04F79EFBC}") = "Exercise14", "Exercise14.csproj", "{1862B311-0366-46D2-961E-F171544D5997}"
EndProject
Global
	GlobalSection(SolutionConfigurationPlatforms) = preSolution
		Debug|Any CPU = Debug|Any CPU
		Release|Any CPU = Release|Any CPU
	EndGlobalSection
	GlobalSection(ProjectConfigurationPlatforms) = postSolution
		{1862B311-0366-46D2-961E-F171544D5997}.Debug|Any CPU.ActiveCfg = Debug|Any CPU
		{1862B311-0366-46D2-961E-F171544D5997}.Debug|Any CPU.Build.0 = Debug|Any CPU
		{1862B311-0366-46D2-961E-F171544D5997}.Release|Any CPU.ActiveCfg = Release|Any CPU
		{1862B311-0366-46D2-961E-F171544D5997}.Release|Any CPU.Build.0 = Release|Any CPU
	EndGlobalSection
	GlobalSection(SolutionProperties) = preSolution
		HideSolutionNode = FALSE
	EndGlobalSection
	GlobalSection(ExtensibilityGlobals) = postSolution
		SolutionGuid = {284C4FE1-7ECE-42B2-BF75-951128414256}
	EndGlobalSection
EndGlobal
